
Microsoft Visual Studio Solution File, Format Version 12.00
# Visual Studio Version 17
VisualStudioVersion = 17.4.33110.190
MinimumVisualStudioVersion = 10.0.40219.1
Project("{FAE04EC0-301F-11D3-BF4B-00C04F79EFBC}") = "ManagePeople.Web", "ManagePeople.Web\ManagePeople.Web.csproj", "{97503677-E4C0-4C83-A868-E66E0EA16034}"
EndProject
Global
	GlobalSection(SolutionConfigurationPlatforms) = preSolution
		Debug|Any CPU = Debug|Any CPU
		Release|Any CPU = Release|Any CPU
	EndGlobalSection
	GlobalSection(ProjectConfigurationPlatforms) = postSolution
		{97503677-E4C0-4C83-A868-E66E0EA16034}.Debug|Any CPU.ActiveCfg = Debug|Any CPU
		{97503677-E4C0-4C83-A868-E66E0EA16034}.Debug|Any CPU.Build.0 = Debug|Any CPU
		{97503677-E4C0-4C83-A868-E66E0EA16034}.Release|Any CPU.ActiveCfg = Release|Any CPU
		{97503677-E4C0-4C83-A868-E66E0EA16034}.Release|Any CPU.Build.0 = Release|Any CPU
	EndGlobalSection
	GlobalSection(SolutionProperties) = preSolution
		HideSolutionNode = FALSE
	EndGlobalSection
	GlobalSection(ExtensibilityGlobals) = postSolution
		SolutionGuid = {D0E9913C-1EA7-4264-ACD0-43EDAA93EFA0}
	EndGlobalSection
EndGlobal
